
Microsoft Visual Studio Solution File, Format Version 12.00
# Visual Studio Version 17
VisualStudioVersion = 17.4.33110.190
MinimumVisualStudioVersion = 10.0.40219.1
Project("{FAE04EC0-301F-11D3-BF4B-00C04F79EFBC}") = "HueApiProxy", "HueApiProxy\HueApiProxy.csproj", "{5DA57C37-5865-4D80-B685-2C2D05FD9D64}"
EndProject
Global
	GlobalSection(SolutionConfigurationPlatforms) = preSolution
		Debug|Any CPU = Debug|Any CPU
		Release|Any CPU = Release|Any CPU
	EndGlobalSection
	GlobalSection(ProjectConfigurationPlatforms) = postSolution
		{5DA57C37-5865-4D80-B685-2C2D05FD9D64}.Debug|Any CPU.ActiveCfg = Debug|Any CPU
		{5DA57C37-5865-4D80-B685-2C2D05FD9D64}.Debug|Any CPU.Build.0 = Debug|Any CPU
		{5DA57C37-5865-4D80-B685-2C2D05FD9D64}.Release|Any CPU.ActiveCfg = Release|Any CPU
		{5DA57C37-5865-4D80-B685-2C2D05FD9D64}.Release|Any CPU.Build.0 = Release|Any CPU
	EndGlobalSection
	GlobalSection(SolutionProperties) = preSolution
		HideSolutionNode = FALSE
	EndGlobalSection
	GlobalSection(ExtensibilityGlobals) = postSolution
		SolutionGuid = {0EE306EC-49C5-460F-BFC3-C103BB5E6EA7}
	EndGlobalSection
EndGlobal
